
Microsoft Visual Studio Solution File, Format Version 12.00
# Visual Studio 15
VisualStudioVersion = 15.0.27428.2037
MinimumVisualStudioVersion = 10.0.40219.1
Project("{FAE04EC0-301F-11D3-BF4B-00C04F79EFBC}") = "VisualEffects", "VisualEffects\VisualEffects.csproj", "{29D8E83C-4D96-411C-B19A-63185925FE00}"
EndProject
Project("{FAE04EC0-301F-11D3-BF4B-00C04F79EFBC}") = "VisualEffects.WinForms", "VisualEffects.WinForms\VisualEffects.WinForms.csproj", "{1C79F789-1DA1-4EAF-B314-5C4047E8BE98}"
EndProject
Global
	GlobalSection(SolutionConfigurationPlatforms) = preSolution
		Debug|Any CPU = Debug|Any CPU
		Release|Any CPU = Release|Any CPU
	EndGlobalSection
	GlobalSection(ProjectConfigurationPlatforms) = postSolution
		{29D8E83C-4D96-411C-B19A-63185925FE00}.Debug|Any CPU.ActiveCfg = Debug|Any CPU
		{29D8E83C-4D96-411C-B19A-63185925FE00}.Debug|Any CPU.Build.0 = Debug|Any CPU
		{29D8E83C-4D96-411C-B19A-63185925FE00}.Release|Any CPU.ActiveCfg = Release|Any CPU
		{29D8E83C-4D96-411C-B19A-63185925FE00}.Release|Any CPU.Build.0 = Release|Any CPU
		{1C79F789-1DA1-4EAF-B314-5C4047E8BE98}.Debug|Any CPU.ActiveCfg = Debug|Any CPU
		{1C79F789-1DA1-4EAF-B314-5C4047E8BE98}.Debug|Any CPU.Build.0 = Debug|Any CPU
		{1C79F789-1DA1-4EAF-B314-5C4047E8BE98}.Release|Any CPU.ActiveCfg = Release|Any CPU
		{1C79F789-1DA1-4EAF-B314-5C4047E8BE98}.Release|Any CPU.Build.0 = Release|Any CPU
	EndGlobalSection
	GlobalSection(SolutionProperties) = preSolution
		HideSolutionNode = FALSE
	EndGlobalSection
	GlobalSection(ExtensibilityGlobals) = postSolution
		SolutionGuid = {832565CE-3CFC-4E4B-BD75-C2A814958033}
	EndGlobalSection
EndGlobal
